
Microsoft Visual Studio Solution File, Format Version 12.00
# Visual Studio Version 17
VisualStudioVersion = 17.7.34221.43
MinimumVisualStudioVersion = 10.0.40219.1
Project("{8BC9CEB8-8B4A-11D0-8D11-00A0C91BC942}") = "deskonnecter", "deskonnecter\deskonnecter.vcxproj", "{C173A1E9-87E5-459C-ACBC-CCC884F3FB45}"
EndProject
Project("{2150E333-8FDC-42A3-9474-1A3956D46DE8}") = "Solution Items", "Solution Items", "{37A1E816-6F58-4781-9EB1-2F42121D126E}"
	ProjectSection(SolutionItems) = preProject
		.gitignore = .gitignore
		README.md = README.md
	EndProjectSection
EndProject
Project("{8BC9CEB8-8B4A-11D0-8D11-00A0C91BC942}") = "sandbox", "sandbox\sandbox.vcxproj", "{A2EE9CF4-9372-4243-98B6-29B34BE8000A}"
EndProject
Global
	GlobalSection(SolutionConfigurationPlatforms) = preSolution
		Debug|x64 = Debug|x64
		Debug|x86 = Debug|x86
		Release|x64 = Release|x64
		Release|x86 = Release|x86
	EndGlobalSection
	GlobalSection(ProjectConfigurationPlatforms) = postSolution
		{C173A1E9-87E5-459C-ACBC-CCC884F3FB45}.Debug|x64.ActiveCfg = Debug|x64
		{C173A1E9-87E5-459C-ACBC-CCC884F3FB45}.Debug|x64.Build.0 = Debug|x64
		{C173A1E9-87E5-459C-ACBC-CCC884F3FB45}.Debug|x86.ActiveCfg = Debug|Win32
		{C173A1E9-87E5-459C-ACBC-CCC884F3FB45}.Debug|x86.Build.0 = Debug|Win32
		{C173A1E9-87E5-459C-ACBC-CCC884F3FB45}.Release|x64.ActiveCfg = Release|x64
		{C173A1E9-87E5-459C-ACBC-CCC884F3FB45}.Release|x64.Build.0 = Release|x64
		{C173A1E9-87E5-459C-ACBC-CCC884F3FB45}.Release|x86.ActiveCfg = Release|Win32
		{C173A1E9-87E5-459C-ACBC-CCC884F3FB45}.Release|x86.Build.0 = Release|Win32
		{A2EE9CF4-9372-4243-98B6-29B34BE8000A}.Debug|x64.ActiveCfg = Debug|x64
		{A2EE9CF4-9372-4243-98B6-29B34BE8000A}.Debug|x64.Build.0 = Debug|x64
		{A2EE9CF4-9372-4243-98B6-29B34BE8000A}.Debug|x86.ActiveCfg = Debug|Win32
		{A2EE9CF4-9372-4243-98B6-29B34BE8000A}.Debug|x86.Build.0 = Debug|Win32
		{A2EE9CF4-9372-4243-98B6-29B34BE8000A}.Release|x64.ActiveCfg = Release|x64
		{A2EE9CF4-9372-4243-98B6-29B34BE8000A}.Release|x64.Build.0 = Release|x64
		{A2EE9CF4-9372-4243-98B6-29B34BE8000A}.Release|x86.ActiveCfg = Release|Win32
		{A2EE9CF4-9372-4243-98B6-29B34BE8000A}.Release|x86.Build.0 = Release|Win32
	EndGlobalSection
	GlobalSection(SolutionProperties) = preSolution
		HideSolutionNode = FALSE
	EndGlobalSection
	GlobalSection(ExtensibilityGlobals) = postSolution
		SolutionGuid = {091DF5EE-DF98-4827-B58A-6F67AAA57E4B}
	EndGlobalSection
EndGlobal
